# THIS IS AN AUTOGENERATED FILE. DO NOT EDIT THIS FILE DIRECTLY.
# yarn lockfile v1


"@discordjs/collection@^0.1.1":
  version "0.1.3"
  resolved "https://registry.yarnpkg.com/@discordjs/collection/-/collection-0.1.3.tgz#af9b1c22ccb2ee5c0cad1e1bd2bc3d82a817b05f"
  integrity sha512-4ek19SmNcPI92942RkuBrZrBK8hg7nG+ae/skkNNDeOaUG+XvxTPkv/jPZVgXwVPDkU5EFsewsI+0n4dTwFvgA==

"@klasa/request-handler@^0.0.3":
  version "0.0.3"
  resolved "https://registry.yarnpkg.com/@klasa/request-handler/-/request-handler-0.0.3.tgz#ed72de611ece3dd99725cb797fc13e07bb05e618"
  integrity sha512-Z1O+Aa2kW/I4Uos4EZalByveIuQKRfuRx+JCsgsogDBd95N5Ub47AH+LEd5i+uzjnJ6iDHfodpVlaHojJ4Q+ZQ==

abort-controller@^3.0.0:
  version "3.0.0"
  resolved "https://registry.yarnpkg.com/abort-controller/-/abort-controller-3.0.0.tgz#eaf54d53b62bae4138e809ca225c8439a6efb392"
  integrity sha512-h8lQ8tacZYnR3vNQTgibj+tODHI5/+l06Au2Pcriv/Gmet0eaj4TwWH41sO9wnHDiQsEj19q0drzdWdeAHtweg==
  dependencies:
    event-target-shim "^5.0.0"

anymatch@~3.1.1:
  version "3.1.1"
  resolved "https://registry.yarnpkg.com/anymatch/-/anymatch-3.1.1.tgz#c55ecf02185e2469259399310c173ce31233b142"
  integrity sha512-mM8522psRCqzV+6LhomX5wgp25YVibjh8Wj23I5RPkPppSVSjyKD2A2mBJmWGa+KN7f2D6LNh9jkBCeyLktzjg==
  dependencies:
    normalize-path "^3.0.0"
    picomatch "^2.0.4"

async-limiter@~1.0.0:
  version "1.0.1"
  resolved "https://registry.yarnpkg.com/async-limiter/-/async-limiter-1.0.1.tgz#dd379e94f0db8310b08291f9d64c3209766617fd"
  integrity sha512-csOlWGAcRFJaI6m+F2WKdnMKr4HhdhFVBk0H/QbJFMCr+uO2kwohwXQPxw/9OCxp05r5ghVBFSyioixx3gfkNQ==

asynckit@^0.4.0:
  version "0.4.0"
  resolved "https://registry.yarnpkg.com/asynckit/-/asynckit-0.4.0.tgz#c79ed97f7f34cb8f2ba1bc9790bcc366474b4b79"
  integrity sha1-x57Zf380y48robyXkLzDZkdLS3k=

backoff@^2.5.0:
  version "2.5.0"
  resolved "https://registry.yarnpkg.com/backoff/-/backoff-2.5.0.tgz#f616eda9d3e4b66b8ca7fca79f695722c5f8e26f"
  integrity sha1-9hbtqdPktmuMp/ynn2lXIsX44m8=
  dependencies:
    precond "0.2"

binary-extensions@^2.0.0:
  version "2.0.0"
  resolved "https://registry.yarnpkg.com/binary-extensions/-/binary-extensions-2.0.0.tgz#23c0df14f6a88077f5f986c0d167ec03c3d5537c"
  integrity sha512-Phlt0plgpIIBOGTT/ehfFnbNlfsDEiqmzE2KRXoX1bLIlir4X/MR+zSyBEkL05ffWgnRSf/DXv+WrUAVr93/ow==

braces@~3.0.2:
  version "3.0.2"
  resolved "https://registry.yarnpkg.com/braces/-/braces-3.0.2.tgz#3454e1a462ee8d599e236df336cd9ea4f8afe107"
  integrity sha512-b8um+L1RzM3WDSzvhm6gIz1yfTbBt6YTlcEKAvsmqCZZFw46z626lVj9j1yEPW33H5H+lBQpZMP1k8l+78Ha0A==
  dependencies:
    fill-range "^7.0.1"

chokidar@^3.3.1:
  version "3.3.1"
  resolved "https://registry.yarnpkg.com/chokidar/-/chokidar-3.3.1.tgz#c84e5b3d18d9a4d77558fef466b1bf16bbeb3450"
  integrity sha512-4QYCEWOcK3OJrxwvyyAOxFuhpvOVCYkr33LPfFNBjAD/w3sEzWsp2BUOkI4l9bHvWioAd0rc6NlHUOEaWkTeqg==
  dependencies:
    anymatch "~3.1.1"
    braces "~3.0.2"
    glob-parent "~5.1.0"
    is-binary-path "~2.1.0"
    is-glob "~4.0.1"
    normalize-path "~3.0.0"
    readdirp "~3.3.0"
  optionalDependencies:
    fsevents "~2.1.2"

combined-stream@^1.0.6:
  version "1.0.8"
  resolved "https://registry.yarnpkg.com/combined-stream/-/combined-stream-1.0.8.tgz#c3d45a8b34fd730631a110a8a2520682b31d5a7f"
  integrity sha512-FQN4MRfuJeHf7cBbBMJFXhKSDq+2kAArBlmRBvcvFE5BB1HZKXtSFASDhdlz9zOYwxh8lDdnvmMOe/+5cdoEdg==
  dependencies:
    delayed-stream "~1.0.0"

common-tags@^1.8.0:
  version "1.8.0"
  resolved "https://registry.yarnpkg.com/common-tags/-/common-tags-1.8.0.tgz#8e3153e542d4a39e9b10554434afaaf98956a937"
  integrity sha512-6P6g0uetGpW/sdyUy/iQQCbFF0kWVMSIVSyYz7Zgjcgh8mgw8PQzDNZeyZ5DQ2gM7LBoZPHmnjz8rUthkBG5tw==

decompress-response@^4.2.0:
  version "4.2.1"
  resolved "https://registry.yarnpkg.com/decompress-response/-/decompress-response-4.2.1.tgz#414023cc7a302da25ce2ec82d0d5238ccafd8986"
  integrity sha512-jOSne2qbyE+/r8G1VU+G/82LBs2Fs4LAsTiLSHOCOMZQl2OKZ6i8i4IyHemTe+/yIXOtTcRQMzPcgyhoFlqPkw==
  dependencies:
    mimic-response "^2.0.0"

delayed-stream@~1.0.0:
  version "1.0.0"
  resolved "https://registry.yarnpkg.com/delayed-stream/-/delayed-stream-1.0.0.tgz#df3ae199acadfb7d440aaae0b29e2272b24ec619"
  integrity sha1-3zrhmayt+31ECqrgsp4icrJOxhk=

discord.js-lavalink@^2.2.3:
  version "2.2.3"
  resolved "https://registry.yarnpkg.com/discord.js-lavalink/-/discord.js-lavalink-2.2.3.tgz#be52b6b2d503dbc55284ae162d3aae57abcf6c6a"
  integrity sha512-HR7LJ8EhJ3iVeRmfjBOdvBA5/eO25ncbnZOn12x0Sj/JVFd0h5ClGi6w4giWPrnw8fDvCVxKl7+c0Y/6tLgBDQ==
  dependencies:
    ws "^6.1.4"

discord.js@discordjs/discord.js#fe7df708e44e0280dfaf0f8e457b154781bb5140:
  version "12.0.0-dev"
  resolved "https://codeload.github.com/discordjs/discord.js/tar.gz/fe7df708e44e0280dfaf0f8e457b154781bb5140"
  dependencies:
    "@discordjs/collection" "^0.1.1"
    abort-controller "^3.0.0"
    form-data "^2.3.3"
    node-fetch "^2.3.0"
    prism-media "^1.0.0"
    setimmediate "^1.0.5"
    tweetnacl "^1.0.1"
    ws "^7.2.0"

dotenv@^8.2.0:
  version "8.2.0"
  resolved "https://registry.yarnpkg.com/dotenv/-/dotenv-8.2.0.tgz#97e619259ada750eea3e4ea3e26bceea5424b16a"
  integrity sha512-8sJ78ElpbDJBHNeBzUbUVLsqKdccaa/BXF1uPTw3GrvQTBgrQrtObr2mUrE38vzYd8cEv+m/JBfDLioYcfXoaw==

eightball@^1.0.1:
  version "1.0.1"
  resolved "https://registry.yarnpkg.com/eightball/-/eightball-1.0.1.tgz#3828c781ce5998a13d1aeec5a892aed375a18cd1"
  integrity sha1-OCjHgc5ZmKE9Gu7FqJKu03WhjNE=
  dependencies:
    minimist "^0.2.0"

event-target-shim@^5.0.0:
  version "5.0.1"
  resolved "https://registry.yarnpkg.com/event-target-shim/-/event-target-shim-5.0.1.tgz#5d4d3ebdf9583d63a5333ce2deb7480ab2b05789"
  integrity sha512-i/2XbnSz/uxRCU6+NdVJgKWDTM427+MqYbkQzD321DuCQJUqOuJKIA0IM2+W2xtYHdKOmZ4dR6fExsd4SXL+WQ==

ffmpeg-static@^4.0.0:
  version "4.0.0"
  resolved "https://registry.yarnpkg.com/ffmpeg-static/-/ffmpeg-static-4.0.0.tgz#fb90e912170800cc642d70feaa3237fb5da24faf"
  integrity sha512-9GELg6SKrijgf5iw073PiHonAty9Cg3cxeh8h4a2HHcOv+r0ZHRg3QGTAU/jvLhDFP6pu1UhnWqSwkIb3ZpvgQ==
  dependencies:
    progress "^2.0.3"
    simple-get "^3.1.0"

fill-range@^7.0.1:
  version "7.0.1"
  resolved "https://registry.yarnpkg.com/fill-range/-/fill-range-7.0.1.tgz#1919a6a7c75fe38b2c7c77e5198535da9acdda40"
  integrity sha512-qOo9F+dMUmC2Lcb4BbVvnKJxTPjCm+RRpe4gDuGrzkL7mEVl/djYSu2OdQ2Pa302N4oqkSg9ir6jaLWJ2USVpQ==
  dependencies:
    to-regex-range "^5.0.1"

form-data@^2.3.3:
  version "2.5.1"
  resolved "https://registry.yarnpkg.com/form-data/-/form-data-2.5.1.tgz#f2cbec57b5e59e23716e128fe44d4e5dd23895f4"
  integrity sha512-m21N3WOmEEURgk6B9GLOE4RuWOFf28Lhh9qGYeNlGq4VDXUlJy2th2slBNU8Gp8EzloYZOibZJ7t5ecIrFSjVA==
  dependencies:
    asynckit "^0.4.0"
    combined-stream "^1.0.6"
    mime-types "^2.1.12"

fs-nextra@^0.4.5:
  version "0.4.7"
  resolved "https://registry.yarnpkg.com/fs-nextra/-/fs-nextra-0.4.7.tgz#76af367029fc5dab360f112f3d38bbc7a7d24285"
  integrity sha512-N61ZytY7cF3VlPTQ+o90XK+TsdOaUPeX0cpwy5oOVbXaneSO6KorpsR2xSQr+GJbItkWzgu3h4ypSqCWjTeZKg==

fsevents@~2.1.2:
  version "2.1.2"
  resolved "https://registry.yarnpkg.com/fsevents/-/fsevents-2.1.2.tgz#4c0a1fb34bc68e543b4b82a9ec392bfbda840805"
  integrity sha512-R4wDiBwZ0KzpgOWetKDug1FZcYhqYnUYKtfZYt4mD5SBz76q0KR4Q9o7GIPamsVPGmW3EYPPJ0dOOjvx32ldZA==

fuse.js@^3.4.6:
  version "3.4.6"
  resolved "https://registry.yarnpkg.com/fuse.js/-/fuse.js-3.4.6.tgz#545c3411fed88bf2e27c457cab6e73e7af697a45"
  integrity sha512-H6aJY4UpLFwxj1+5nAvufom5b2BT2v45P1MkPvdGIK8fWjQx/7o6tTT1+ALV0yawQvbmvCF0ufl2et8eJ7v7Cg==

glob-parent@~5.1.0:
  version "5.1.0"
  resolved "https://registry.yarnpkg.com/glob-parent/-/glob-parent-5.1.0.tgz#5f4c1d1e748d30cd73ad2944b3577a81b081e8c2"
  integrity sha512-qjtRgnIVmOfnKUE3NJAQEdk+lKrxfw8t5ke7SXtfMTHcjsBfOfWXCQfdb30zfDoZQ2IRSIiidmjtbHZPZ++Ihw==
  dependencies:
    is-glob "^4.0.1"

is-binary-path@~2.1.0:
  version "2.1.0"
  resolved "https://registry.yarnpkg.com/is-binary-path/-/is-binary-path-2.1.0.tgz#ea1f7f3b80f064236e83470f86c09c254fb45b09"
  integrity sha512-ZMERYes6pDydyuGidse7OsHxtbI7WVeUEozgR/g7rd0xUimYNlvZRE/K2MgZTjWy725IfelLeVcEM97mmtRGXw==
  dependencies:
    binary-extensions "^2.0.0"

is-extglob@^2.1.1:
  version "2.1.1"
  resolved "https://registry.yarnpkg.com/is-extglob/-/is-extglob-2.1.1.tgz#a88c02535791f02ed37c76a1b9ea9773c833f8c2"
  integrity sha1-qIwCU1eR8C7TfHahueqXc8gz+MI=

is-glob@^4.0.1, is-glob@~4.0.1:
  version "4.0.1"
  resolved "https://registry.yarnpkg.com/is-glob/-/is-glob-4.0.1.tgz#7567dbe9f2f5e2467bc77ab83c4a29482407a5dc"
  integrity sha512-5G0tKtBTFImOqDnLB2hG6Bp2qcKEFduo4tZu9MT/H6NQv/ghhy30o55ufafxJ/LdH79LLs2Kfrn85TLKyA7BUg==
  dependencies:
    is-extglob "^2.1.1"

is-number@^7.0.0:
  version "7.0.0"
  resolved "https://registry.yarnpkg.com/is-number/-/is-number-7.0.0.tgz#7535345b896734d5f80c4d06c50955527a14f12b"
  integrity sha512-41Cifkg6e8TylSpdtTpeLVMqvSBEVzTttHvERD741+pnZ8ANv0004MRL43QKPDlK9cGvNp6NZWZUBlbGXYxxng==

iso8601-duration@^1.2.0:
  version "1.2.0"
  resolved "https://registry.yarnpkg.com/iso8601-duration/-/iso8601-duration-1.2.0.tgz#5fa6fc180a8fe95ad6a6721c9bdd9069cb59e80e"
  integrity sha512-ErTBd++b17E8nmWII1K1uZtBgD1E8RjyvwmxlCjPHNqHMD7gmcMHOw0E8Ro/6+QT4PhHRSnnMo7bxa1vFPkwhg==

klasa-dashboard-hooks@kyranet/klasa-dashboard-hooks#master:
  version "0.0.1-dev"
  resolved "https://codeload.github.com/kyranet/klasa-dashboard-hooks/tar.gz/74ac1a8503ba09a728948377ea92feeaebf30bd0"
  dependencies:
    node-fetch "^2.6.0"

"klasa@github:dirigeants/klasa#settings":
  version "0.5.0-dev"
  resolved "https://codeload.github.com/dirigeants/klasa/tar.gz/aee79a51a6e845b6678e96fdd1a7cc1e27fda435"
  dependencies:
    "@klasa/request-handler" "^0.0.3"
    fs-nextra "^0.4.5"

lavalink@^2.9.0:
  version "2.9.0"
  resolved "https://registry.yarnpkg.com/lavalink/-/lavalink-2.9.0.tgz#2166f93e6550293344a3aaae1d4ccf341c3169d8"
  integrity sha512-L+GvRgy4KN1HoMYqTTO8IpGlxA0ZxU6jFVqL8MhKv4wwY89v90MUtlSmTGV1Ue3pkkPDXQjTBuie8P2Pgr3TDA==
  dependencies:
    backoff "^2.5.0"
    ws "^6.0.0"

mime-db@1.42.0:
  version "1.42.0"
  resolved "https://registry.yarnpkg.com/mime-db/-/mime-db-1.42.0.tgz#3e252907b4c7adb906597b4b65636272cf9e7bac"
  integrity sha512-UbfJCR4UAVRNgMpfImz05smAXK7+c+ZntjaA26ANtkXLlOe947Aag5zdIcKQULAiF9Cq4WxBi9jUs5zkA84bYQ==

mime-types@^2.1.12:
  version "2.1.25"
  resolved "https://registry.yarnpkg.com/mime-types/-/mime-types-2.1.25.tgz#39772d46621f93e2a80a856c53b86a62156a6437"
  integrity sha512-5KhStqB5xpTAeGqKBAMgwaYMnQik7teQN4IAzC7npDv6kzeU6prfkR67bc87J1kWMPGkoaZSq1npmexMgkmEVg==
  dependencies:
    mime-db "1.42.0"

mimic-response@^2.0.0:
  version "2.0.0"
  resolved "https://registry.yarnpkg.com/mimic-response/-/mimic-response-2.0.0.tgz#996a51c60adf12cb8a87d7fb8ef24c2f3d5ebb46"
  integrity sha512-8ilDoEapqA4uQ3TwS0jakGONKXVJqpy+RpM+3b7pLdOjghCrEiGp9SRkFbUHAmZW9vdnrENWHjaweIoTIJExSQ==

minimist@^0.2.0:
  version "0.2.0"
  resolved "https://registry.yarnpkg.com/minimist/-/minimist-0.2.0.tgz#4dffe525dae2b864c66c2e23c6271d7afdecefce"
  integrity sha1-Tf/lJdriuGTGbC4jxicdev3s784=

moment-duration-format@2.2.2:
  version "2.2.2"
  resolved "https://registry.yarnpkg.com/moment-duration-format/-/moment-duration-format-2.2.2.tgz#b957612de26016c9ad9eb6087c054573e5127779"
  integrity sha1-uVdhLeJgFsmtnrYIfAVFc+USd3k=

moment@^2.24.0:
  version "2.24.0"
  resolved "https://registry.yarnpkg.com/moment/-/moment-2.24.0.tgz#0d055d53f5052aa653c9f6eb68bb5d12bf5c2b5b"
  integrity sha512-bV7f+6l2QigeBBZSM/6yTNq4P2fNpSWj/0e7jQcy87A8e7o2nAfP/34/2ky5Vw4B9S446EtIhodAzkFCcR4dQg==

node-fetch@^2.3.0, node-fetch@^2.6.0:
  version "2.6.0"
  resolved "https://registry.yarnpkg.com/node-fetch/-/node-fetch-2.6.0.tgz#e633456386d4aa55863f676a7ab0daa8fdecb0fd"
  integrity sha512-8dG4H5ujfvFiqDmVu9fQ5bOHUC15JMjMY/Zumv26oOvvVJjM67KF8koCWIabKQ1GJIa9r2mMZscBq/TbdOcmNA==

normalize-path@^3.0.0, normalize-path@~3.0.0:
  version "3.0.0"
  resolved "https://registry.yarnpkg.com/normalize-path/-/normalize-path-3.0.0.tgz#0dcd69ff23a1c9b11fd0978316644a0388216a65"
  integrity sha512-6eZs5Ls3WtCisHWp9S2GUy8dqkpGi4BVSz3GaqiE6ezub0512ESztXUwUB6C6IKbQkY2Pnb/mD4WYojCRwcwLA==

once@^1.3.1:
  version "1.4.0"
  resolved "https://registry.yarnpkg.com/once/-/once-1.4.0.tgz#583b1aa775961d4b113ac17d9c50baef9dd76bd1"
  integrity sha1-WDsap3WWHUsROsF9nFC6753Xa9E=
  dependencies:
    wrappy "1"

picomatch@^2.0.4, picomatch@^2.0.7:
  version "2.1.1"
  resolved "https://registry.yarnpkg.com/picomatch/-/picomatch-2.1.1.tgz#ecdfbea7704adb5fe6fb47f9866c4c0e15e905c5"
  integrity sha512-OYMyqkKzK7blWO/+XZYP6w8hH0LDvkBvdvKukti+7kqYFCiEAk+gI3DWnryapc0Dau05ugGTy0foQ6mqn4AHYA==

precond@0.2:
  version "0.2.3"
  resolved "https://registry.yarnpkg.com/precond/-/precond-0.2.3.tgz#aa9591bcaa24923f1e0f4849d240f47efc1075ac"
  integrity sha1-qpWRvKokkj8eD0hJ0kD0fvwQdaw=

prism-media@^1.0.0:
  version "1.1.0"
  resolved "https://registry.yarnpkg.com/prism-media/-/prism-media-1.1.0.tgz#64fd9abf64719d627b99360bfbe1a81d3ac0c593"
  integrity sha512-W+oxjRyjtd7hw3pefNZuc7YEZ6VICORJvVNfCPs0+7CsJ43CqMjGAYGjPL3hQ82vw03EVra+CiX4zisqOBUUGw==

progress@^2.0.3:
  version "2.0.3"
  resolved "https://registry.yarnpkg.com/progress/-/progress-2.0.3.tgz#7e8cf8d8f5b8f239c1bc68beb4eb78567d572ef8"
  integrity sha512-7PiHtLll5LdnKIMw100I+8xJXR5gW2QwWYkT6iJva0bXitZKa/XMrSbdmg3r2Xnaidz9Qumd0VPaMrZlF9V9sA==

readdirp@~3.3.0:
  version "3.3.0"
  resolved "https://registry.yarnpkg.com/readdirp/-/readdirp-3.3.0.tgz#984458d13a1e42e2e9f5841b129e162f369aff17"
  integrity sha512-zz0pAkSPOXXm1viEwygWIPSPkcBYjW1xU5j/JBh5t9bGCJwa6f9+BJa6VaB2g+b55yVrmXzqkyLf4xaWYM0IkQ==
  dependencies:
    picomatch "^2.0.7"

setimmediate@^1.0.5:
  version "1.0.5"
  resolved "https://registry.yarnpkg.com/setimmediate/-/setimmediate-1.0.5.tgz#290cbb232e306942d7d7ea9b83732ab7856f8285"
  integrity sha1-KQy7Iy4waULX1+qbg3Mqt4VvgoU=

simple-concat@^1.0.0:
  version "1.0.0"
  resolved "https://registry.yarnpkg.com/simple-concat/-/simple-concat-1.0.0.tgz#7344cbb8b6e26fb27d66b2fc86f9f6d5997521c6"
  integrity sha1-c0TLuLbib7J9ZrL8hvn21Zl1IcY=

simple-get@^3.1.0:
  version "3.1.0"
  resolved "https://registry.yarnpkg.com/simple-get/-/simple-get-3.1.0.tgz#b45be062435e50d159540b576202ceec40b9c6b3"
  integrity sha512-bCR6cP+aTdScaQCnQKbPKtJOKDp/hj9EDLJo3Nw4y1QksqaovlW/bnptB6/c1e+qmNIDHRK+oXFDdEqBT8WzUA==
  dependencies:
    decompress-response "^4.2.0"
    once "^1.3.1"
    simple-concat "^1.0.0"

simple-youtube-api@^5.2.1:
  version "5.2.1"
  resolved "https://registry.yarnpkg.com/simple-youtube-api/-/simple-youtube-api-5.2.1.tgz#d1f6efb941ce404f50ce56e0c5e6bff249fcac6a"
  integrity sha512-vmndP9Bkh35tifn2OwY+th2imSsfYtmDqczgdOW5yEARFzvSoR8VSQFsivJnctfV5QHQUL6VrOpNdbmDRLh9Bg==
  dependencies:
    iso8601-duration "^1.2.0"
    node-fetch "^2.6.0"

to-regex-range@^5.0.1:
  version "5.0.1"
  resolved "https://registry.yarnpkg.com/to-regex-range/-/to-regex-range-5.0.1.tgz#1648c44aae7c8d988a326018ed72f5b4dd0392e4"
  integrity sha512-65P7iz6X5yEr1cwcgvQxbbIw7Uk3gOy5dIdtZ4rDveLqhrdJP+Li/Hx6tyK0NEb+2GCyneCMJiGqrADCSNk8sQ==
  dependencies:
    is-number "^7.0.0"

tweetnacl@^1.0.1:
  version "1.0.1"
  resolved "https://registry.yarnpkg.com/tweetnacl/-/tweetnacl-1.0.1.tgz#2594d42da73cd036bd0d2a54683dd35a6b55ca17"
  integrity sha512-kcoMoKTPYnoeS50tzoqjPY3Uv9axeuuFAZY9M/9zFnhoVvRfxz9K29IMPD7jGmt2c8SW7i3gT9WqDl2+nV7p4A==

wrappy@1:
  version "1.0.2"
  resolved "https://registry.yarnpkg.com/wrappy/-/wrappy-1.0.2.tgz#b5243d8f3ec1aa35f1364605bc0d1036e30ab69f"
  integrity sha1-tSQ9jz7BqjXxNkYFvA0QNuMKtp8=

ws@^6.0.0, ws@^6.1.4:
  version "6.2.1"
  resolved "https://registry.yarnpkg.com/ws/-/ws-6.2.1.tgz#442fdf0a47ed64f59b6a5d8ff130f4748ed524fb"
  integrity sha512-GIyAXC2cB7LjvpgMt9EKS2ldqr0MTrORaleiOno6TweZ6r3TKtoFQWay/2PceJ3RuBasOHzXNn5Lrw1X0bEjqA==
  dependencies:
    async-limiter "~1.0.0"

ws@^7.2.0:
  version "7.2.1"
  resolved "https://registry.yarnpkg.com/ws/-/ws-7.2.1.tgz#03ed52423cd744084b2cf42ed197c8b65a936b8e"
  integrity sha512-sucePNSafamSKoOqoNfBd8V0StlkzJKL2ZAhGQinCfNQ+oacw+Pk7lcdAElecBF2VkLNZRiIb5Oi1Q5lVUVt2A==
